{
  "name": "yapi-plugin-interface-oauth2-token",
  "version": "0.0.1",
  "lockfileVersion": 1,
  "requires": true,
  "dependencies": {
    "yarn": {
      "version": "1.19.1",
      "resolved": "https://registry.npmjs.org/yarn/-/yarn-1.19.1.tgz",
      "integrity": "sha512-gBnfbL9rYY05Gt0cjJhs/siqQXHYlZalTjK3nXn2QO20xbkIFPob+LlH44ML47GcR4VU9/2dYck1BWFM0Javxw=="
    }
  }
}
